// !$*UTF8*$!
{
	archiveVersion = 1;
	classes = {
	};
	objectVersion = 46;
	objects = {

/* Begin PBXBuildFile section */
		0AB09B501C10423D00402B0B /* DataManager.swift in Sources */ = {isa = PBXBuildFile; fileRef = 0AB09B4F1C10423D00402B0B /* DataManager.swift */; };
		0AB09B521C10442900402B0B /* DBManager.swift in Sources */ = {isa = PBXBuildFile; fileRef = 0AB09B511C10442900402B0B /* DBManager.swift */; };
		6258C2B34548D1B085C9BE0C /* libPods.a in Frameworks */ = {isa = PBXBuildFile; fileRef = 03CF9F216D99CCD86C3ED1E0 /* libPods.a */; };
		9518F8D21BE5D6C600DB001E /* Main.storyboard in Resources */ = {isa = PBXBuildFile; fileRef = 9518F8D01BE5D6C600DB001E /* Main.storyboard */; };
		9518F8D31BE5D6C600DB001E /* MainTBC.swift in Sources */ = {isa = PBXBuildFile; fileRef = 9518F8D11BE5D6C600DB001E /* MainTBC.swift */; };
		9551409C1BF9921B009DEAED /* ProfileItemCell.swift in Sources */ = {isa = PBXBuildFile; fileRef = 9551409B1BF9921B009DEAED /* ProfileItemCell.swift */; };
		9584BD061BE33BF4006A28B8 /* Extensions.swift in Sources */ = {isa = PBXBuildFile; fileRef = 9584BD051BE33BF4006A28B8 /* Extensions.swift */; };
		958D8D6F1BDE0CD9003164B3 /* Login.storyboard in Resources */ = {isa = PBXBuildFile; fileRef = 958D8D6E1BDE0CD9003164B3 /* Login.storyboard */; };
		958D8D711BDECD28003164B3 /* BMAccountField.swift in Sources */ = {isa = PBXBuildFile; fileRef = 958D8D701BDECD28003164B3 /* BMAccountField.swift */; };
		95CCCDD01BDC43D2001B0633 /* AppDelegate.swift in Sources */ = {isa = PBXBuildFile; fileRef = 95CCCDCF1BDC43D2001B0633 /* AppDelegate.swift */; };
		95CCCDD91BDC43D2001B0633 /* Assets.xcassets in Resources */ = {isa = PBXBuildFile; fileRef = 95CCCDD81BDC43D2001B0633 /* Assets.xcassets */; };
		95CCCDDC1BDC43D2001B0633 /* LaunchScreen.storyboard in Resources */ = {isa = PBXBuildFile; fileRef = 95CCCDDA1BDC43D2001B0633 /* LaunchScreen.storyboard */; };
		95CCCDED1BDC7D64001B0633 /* Constants.swift in Sources */ = {isa = PBXBuildFile; fileRef = 95CCCDEC1BDC7D64001B0633 /* Constants.swift */; };
		95CCCDF31BDC8D7B001B0633 /* LoginVC.swift in Sources */ = {isa = PBXBuildFile; fileRef = 95CCCDF21BDC8D7B001B0633 /* LoginVC.swift */; };
		95E8E5E61BF522FA0005ABAD /* Profile.storyboard in Resources */ = {isa = PBXBuildFile; fileRef = 95E8E5E51BF522FA0005ABAD /* Profile.storyboard */; };
		95E8E5E81BF523280005ABAD /* ProfileVC.swift in Sources */ = {isa = PBXBuildFile; fileRef = 95E8E5E71BF523280005ABAD /* ProfileVC.swift */; };
		95E8E5ED1BF528EC0005ABAD /* CircularStd-Bold.otf in Resources */ = {isa = PBXBuildFile; fileRef = 95E8E5EB1BF528EC0005ABAD /* CircularStd-Bold.otf */; };
		95E8E5F51BF528F50005ABAD /* Karla-Bold.ttf in Resources */ = {isa = PBXBuildFile; fileRef = 95E8E5F01BF528F50005ABAD /* Karla-Bold.ttf */; };
		95E8E5F61BF528F50005ABAD /* Karla-BoldItalic.ttf in Resources */ = {isa = PBXBuildFile; fileRef = 95E8E5F11BF528F50005ABAD /* Karla-BoldItalic.ttf */; };
		95E8E5F71BF528F50005ABAD /* Karla-Italic.ttf in Resources */ = {isa = PBXBuildFile; fileRef = 95E8E5F21BF528F50005ABAD /* Karla-Italic.ttf */; };
		95E8E5F81BF528F50005ABAD /* Karla-Regular.ttf in Resources */ = {isa = PBXBuildFile; fileRef = 95E8E5F31BF528F50005ABAD /* Karla-Regular.ttf */; };
		95E8E5F91BF528F50005ABAD /* SIL Open Font License.txt in Resources */ = {isa = PBXBuildFile; fileRef = 95E8E5F41BF528F50005ABAD /* SIL Open Font License.txt */; };
		95EB3DD51C1035B900DA1D5E /* Feed.storyboard in Resources */ = {isa = PBXBuildFile; fileRef = 95EB3DD41C1035B900DA1D5E /* Feed.storyboard */; };
		95EB3DD71C10367400DA1D5E /* Create.storyboard in Resources */ = {isa = PBXBuildFile; fileRef = 95EB3DD61C10367400DA1D5E /* Create.storyboard */; };
		95EB3DD91C10373A00DA1D5E /* Group.storyboard in Resources */ = {isa = PBXBuildFile; fileRef = 95EB3DD81C10373A00DA1D5E /* Group.storyboard */; };
		95EB3DDB1C10377300DA1D5E /* Planned.storyboard in Resources */ = {isa = PBXBuildFile; fileRef = 95EB3DDA1C10377300DA1D5E /* Planned.storyboard */; };
		95EB3DDF1C10630800DA1D5E /* BMTabBar.swift in Sources */ = {isa = PBXBuildFile; fileRef = 95EB3DDE1C10630800DA1D5E /* BMTabBar.swift */; };
		95EB3DE11C106A4100DA1D5E /* CreateVC.swift in Sources */ = {isa = PBXBuildFile; fileRef = 95EB3DE01C106A4100DA1D5E /* CreateVC.swift */; };
		95F074121BF6BB7100FAFB1B /* BMRoundImageView.swift in Sources */ = {isa = PBXBuildFile; fileRef = 95F074111BF6BB7100FAFB1B /* BMRoundImageView.swift */; };
		95FD399A1BFAB354000CA395 /* SettingsTVC.swift in Sources */ = {isa = PBXBuildFile; fileRef = 95FD39991BFAB354000CA395 /* SettingsTVC.swift */; };
/* End PBXBuildFile section */

/* Begin PBXFileReference section */
		03CF9F216D99CCD86C3ED1E0 /* libPods.a */ = {isa = PBXFileReference; explicitFileType = archive.ar; includeInIndex = 0; path = libPods.a; sourceTree = BUILT_PRODUCTS_DIR; };
		052518138D1FFA05AF2BCD91 /* Pods.release.xcconfig */ = {isa = PBXFileReference; includeInIndex = 1; lastKnownFileType = text.xcconfig; name = Pods.release.xcconfig; path = "Pods/Target Support Files/Pods/Pods.release.xcconfig"; sourceTree = "<group>"; };
		0AB09B4F1C10423D00402B0B /* DataManager.swift */ = {isa = PBXFileReference; fileEncoding = 4; lastKnownFileType = sourcecode.swift; path = DataManager.swift; sourceTree = "<group>"; };
		0AB09B511C10442900402B0B /* DBManager.swift */ = {isa = PBXFileReference; fileEncoding = 4; lastKnownFileType = sourcecode.swift; path = DBManager.swift; sourceTree = "<group>"; };
		2C123EA8F2DEF7A5D56C7075 /* Pods.debug.xcconfig */ = {isa = PBXFileReference; includeInIndex = 1; lastKnownFileType = text.xcconfig; name = Pods.debug.xcconfig; path = "Pods/Target Support Files/Pods/Pods.debug.xcconfig"; sourceTree = "<group>"; };
		9518F8D01BE5D6C600DB001E /* Main.storyboard */ = {isa = PBXFileReference; fileEncoding = 4; lastKnownFileType = file.storyboard; path = Main.storyboard; sourceTree = "<group>"; };
		9518F8D11BE5D6C600DB001E /* MainTBC.swift */ = {isa = PBXFileReference; fileEncoding = 4; lastKnownFileType = sourcecode.swift; path = MainTBC.swift; sourceTree = "<group>"; };
		9551409B1BF9921B009DEAED /* ProfileItemCell.swift */ = {isa = PBXFileReference; fileEncoding = 4; lastKnownFileType = sourcecode.swift; name = ProfileItemCell.swift; path = Profile/ProfileItemCell.swift; sourceTree = "<group>"; };
		9584BD051BE33BF4006A28B8 /* Extensions.swift */ = {isa = PBXFileReference; fileEncoding = 4; lastKnownFileType = sourcecode.swift; path = Extensions.swift; sourceTree = "<group>"; };
		958D8D6E1BDE0CD9003164B3 /* Login.storyboard */ = {isa = PBXFileReference; fileEncoding = 4; lastKnownFileType = file.storyboard; path = Login.storyboard; sourceTree = "<group>"; };
		958D8D701BDECD28003164B3 /* BMAccountField.swift */ = {isa = PBXFileReference; fileEncoding = 4; lastKnownFileType = sourcecode.swift; name = BMAccountField.swift; path = UI/BMAccountField.swift; sourceTree = "<group>"; };
		95CCCDCC1BDC43D2001B0633 /* PointB.app */ = {isa = PBXFileReference; explicitFileType = wrapper.application; includeInIndex = 0; path = PointB.app; sourceTree = BUILT_PRODUCTS_DIR; };
		95CCCDCF1BDC43D2001B0633 /* AppDelegate.swift */ = {isa = PBXFileReference; lastKnownFileType = sourcecode.swift; path = AppDelegate.swift; sourceTree = "<group>"; };
		95CCCDD81BDC43D2001B0633 /* Assets.xcassets */ = {isa = PBXFileReference; lastKnownFileType = folder.assetcatalog; path = Assets.xcassets; sourceTree = "<group>"; };
		95CCCDDB1BDC43D2001B0633 /* Base */ = {isa = PBXFileReference; lastKnownFileType = file.storyboard; name = Base; path = Base.lproj/LaunchScreen.storyboard; sourceTree = "<group>"; };
		95CCCDDD1BDC43D2001B0633 /* Info.plist */ = {isa = PBXFileReference; lastKnownFileType = text.plist.xml; path = Info.plist; sourceTree = "<group>"; };
		95CCCDE81BDC7C58001B0633 /* PointB-Bridging-Header.h */ = {isa = PBXFileReference; lastKnownFileType = sourcecode.c.h; path = "PointB-Bridging-Header.h"; sourceTree = "<group>"; };
		95CCCDEC1BDC7D64001B0633 /* Constants.swift */ = {isa = PBXFileReference; fileEncoding = 4; lastKnownFileType = sourcecode.swift; path = Constants.swift; sourceTree = "<group>"; };
		95CCCDF21BDC8D7B001B0633 /* LoginVC.swift */ = {isa = PBXFileReference; fileEncoding = 4; lastKnownFileType = sourcecode.swift; path = LoginVC.swift; sourceTree = "<group>"; };
		95E8E5E51BF522FA0005ABAD /* Profile.storyboard */ = {isa = PBXFileReference; fileEncoding = 4; lastKnownFileType = file.storyboard; name = Profile.storyboard; path = Profile/Profile.storyboard; sourceTree = "<group>"; };
		95E8E5E71BF523280005ABAD /* ProfileVC.swift */ = {isa = PBXFileReference; fileEncoding = 4; lastKnownFileType = sourcecode.swift; name = ProfileVC.swift; path = Profile/ProfileVC.swift; sourceTree = "<group>"; };
		95E8E5EB1BF528EC0005ABAD /* CircularStd-Bold.otf */ = {isa = PBXFileReference; lastKnownFileType = file; path = "CircularStd-Bold.otf"; sourceTree = "<group>"; };
		95E8E5F01BF528F50005ABAD /* Karla-Bold.ttf */ = {isa = PBXFileReference; lastKnownFileType = file; path = "Karla-Bold.ttf"; sourceTree = "<group>"; };
		95E8E5F11BF528F50005ABAD /* Karla-BoldItalic.ttf */ = {isa = PBXFileReference; lastKnownFileType = file; path = "Karla-BoldItalic.ttf"; sourceTree = "<group>"; };
		95E8E5F21BF528F50005ABAD /* Karla-Italic.ttf */ = {isa = PBXFileReference; lastKnownFileType = file; path = "Karla-Italic.ttf"; sourceTree = "<group>"; };
		95E8E5F31BF528F50005ABAD /* Karla-Regular.ttf */ = {isa = PBXFileReference; lastKnownFileType = file; path = "Karla-Regular.ttf"; sourceTree = "<group>"; };
		95E8E5F41BF528F50005ABAD /* SIL Open Font License.txt */ = {isa = PBXFileReference; fileEncoding = 4; lastKnownFileType = text; path = "SIL Open Font License.txt"; sourceTree = "<group>"; };
		95EB3DD41C1035B900DA1D5E /* Feed.storyboard */ = {isa = PBXFileReference; fileEncoding = 4; lastKnownFileType = file.storyboard; path = Feed.storyboard; sourceTree = "<group>"; };
		95EB3DD61C10367400DA1D5E /* Create.storyboard */ = {isa = PBXFileReference; fileEncoding = 4; lastKnownFileType = file.storyboard; name = Create.storyboard; path = PointB/Create/Create.storyboard; sourceTree = SOURCE_ROOT; };
		95EB3DD81C10373A00DA1D5E /* Group.storyboard */ = {isa = PBXFileReference; fileEncoding = 4; lastKnownFileType = file.storyboard; path = Group.storyboard; sourceTree = "<group>"; };
		95EB3DDA1C10377300DA1D5E /* Planned.storyboard */ = {isa = PBXFileReference; fileEncoding = 4; lastKnownFileType = file.storyboard; path = Planned.storyboard; sourceTree = "<group>"; };
		95EB3DDE1C10630800DA1D5E /* BMTabBar.swift */ = {isa = PBXFileReference; fileEncoding = 4; lastKnownFileType = sourcecode.swift; path = BMTabBar.swift; sourceTree = "<group>"; };
		95EB3DE01C106A4100DA1D5E /* CreateVC.swift */ = {isa = PBXFileReference; fileEncoding = 4; lastKnownFileType = sourcecode.swift; path = CreateVC.swift; sourceTree = "<group>"; };
		95F074111BF6BB7100FAFB1B /* BMRoundImageView.swift */ = {isa = PBXFileReference; fileEncoding = 4; lastKnownFileType = sourcecode.swift; name = BMRoundImageView.swift; path = UI/BMRoundImageView.swift; sourceTree = "<group>"; };
		95FD39991BFAB354000CA395 /* SettingsTVC.swift */ = {isa = PBXFileReference; fileEncoding = 4; lastKnownFileType = sourcecode.swift; name = SettingsTVC.swift; path = Profile/SettingsTVC.swift; sourceTree = "<group>"; };
/* End PBXFileReference section */

/* Begin PBXFrameworksBuildPhase section */
		95CCCDC91BDC43D2001B0633 /* Frameworks */ = {
			isa = PBXFrameworksBuildPhase;
			buildActionMask = 2147483647;
			files = (
				6258C2B34548D1B085C9BE0C /* libPods.a in Frameworks */,
			);
			runOnlyForDeploymentPostprocessing = 0;
		};
/* End PBXFrameworksBuildPhase section */

/* Begin PBXGroup section */
		3D8D0AEF01641946B623C55D /* Frameworks */ = {
			isa = PBXGroup;
			children = (
				03CF9F216D99CCD86C3ED1E0 /* libPods.a */,
			);
			name = Frameworks;
			sourceTree = "<group>";
		};
		9518F8CF1BE5D6C500DB001E /* Main */ = {
			isa = PBXGroup;
			children = (
				9518F8D01BE5D6C600DB001E /* Main.storyboard */,
				9518F8D11BE5D6C600DB001E /* MainTBC.swift */,
				95EB3DDE1C10630800DA1D5E /* BMTabBar.swift */,
			);
			path = Main;
			sourceTree = "<group>";
		};
		958D8D6D1BDE0A76003164B3 /* UI */ = {
			isa = PBXGroup;
			children = (
				958D8D701BDECD28003164B3 /* BMAccountField.swift */,
				95F074111BF6BB7100FAFB1B /* BMRoundImageView.swift */,
			);
			name = UI;
			sourceTree = "<group>";
		};
		95CCCDC31BDC43D2001B0633 = {
			isa = PBXGroup;
			children = (
				95CCCDCE1BDC43D2001B0633 /* PointB */,
				95CCCDCD1BDC43D2001B0633 /* Products */,
				D73737A81283B425D04B6D86 /* Pods */,
				3D8D0AEF01641946B623C55D /* Frameworks */,
			);
			sourceTree = "<group>";
		};
		95CCCDCD1BDC43D2001B0633 /* Products */ = {
			isa = PBXGroup;
			children = (
				95CCCDCC1BDC43D2001B0633 /* PointB.app */,
			);
			name = Products;
			sourceTree = "<group>";
		};
		95CCCDCE1BDC43D2001B0633 /* PointB */ = {
			isa = PBXGroup;
			children = (
				95CCCDE81BDC7C58001B0633 /* PointB-Bridging-Header.h */,
				9584BD051BE33BF4006A28B8 /* Extensions.swift */,
				95CCCDEC1BDC7D64001B0633 /* Constants.swift */,
				95CCCDCF1BDC43D2001B0633 /* AppDelegate.swift */,
				958D8D6D1BDE0A76003164B3 /* UI */,
				95CCCDF11BDC8D7B001B0633 /* Login */,
				9518F8CF1BE5D6C500DB001E /* Main */,
				95EB3DD31C1035AC00DA1D5E /* Feed */,
				95E8E5E41BF522DD0005ABAD /* Group */,
				95EB3DD11C10359600DA1D5E /* Create */,
				95EB3DD21C10359F00DA1D5E /* Planned */,
				95E8E5E31BF522AA0005ABAD /* Profile */,
				95E8E5E91BF528CB0005ABAD /* Fonts */,
				95CCCDD81BDC43D2001B0633 /* Assets.xcassets */,
				95CCCDDA1BDC43D2001B0633 /* LaunchScreen.storyboard */,
				95CCCDDD1BDC43D2001B0633 /* Info.plist */,
				0AB09B4F1C10423D00402B0B /* DataManager.swift */,
				0AB09B511C10442900402B0B /* DBManager.swift */,
			);
			path = PointB;
			sourceTree = "<group>";
		};
		95CCCDF11BDC8D7B001B0633 /* Login */ = {
			isa = PBXGroup;
			children = (
				95CCCDF21BDC8D7B001B0633 /* LoginVC.swift */,
				958D8D6E1BDE0CD9003164B3 /* Login.storyboard */,
			);
			path = Login;
			sourceTree = "<group>";
		};
		95E8E5E31BF522AA0005ABAD /* Profile */ = {
			isa = PBXGroup;
			children = (
				95E8E5E51BF522FA0005ABAD /* Profile.storyboard */,
				95E8E5E71BF523280005ABAD /* ProfileVC.swift */,
				9551409B1BF9921B009DEAED /* ProfileItemCell.swift */,
				95FD39991BFAB354000CA395 /* SettingsTVC.swift */,
			);
			name = Profile;
			sourceTree = "<group>";
		};
		95E8E5E41BF522DD0005ABAD /* Group */ = {
			isa = PBXGroup;
			children = (
				95EB3DD81C10373A00DA1D5E /* Group.storyboard */,
			);
			path = Group;
			sourceTree = "<group>";
		};
		95E8E5E91BF528CB0005ABAD /* Fonts */ = {
			isa = PBXGroup;
			children = (
				95E8E5EA1BF528EC0005ABAD /* Circular */,
				95E8E5EF1BF528F50005ABAD /* Karla */,
			);
			name = Fonts;
			sourceTree = "<group>";
		};
		95E8E5EA1BF528EC0005ABAD /* Circular */ = {
			isa = PBXGroup;
			children = (
				95E8E5EB1BF528EC0005ABAD /* CircularStd-Bold.otf */,
			);
			name = Circular;
			path = ../../Design/fonts/Circular;
			sourceTree = "<group>";
		};
		95E8E5EF1BF528F50005ABAD /* Karla */ = {
			isa = PBXGroup;
			children = (
				95E8E5F01BF528F50005ABAD /* Karla-Bold.ttf */,
				95E8E5F11BF528F50005ABAD /* Karla-BoldItalic.ttf */,
				95E8E5F21BF528F50005ABAD /* Karla-Italic.ttf */,
				95E8E5F31BF528F50005ABAD /* Karla-Regular.ttf */,
				95E8E5F41BF528F50005ABAD /* SIL Open Font License.txt */,
			);
			name = Karla;
			path = ../../Design/fonts/Karla;
			sourceTree = "<group>";
		};
		95EB3DD11C10359600DA1D5E /* Create */ = {
			isa = PBXGroup;
			children = (
				95EB3DD61C10367400DA1D5E /* Create.storyboard */,
				95EB3DE01C106A4100DA1D5E /* CreateVC.swift */,
			);
			path = Create;
			sourceTree = "<group>";
		};
		95EB3DD21C10359F00DA1D5E /* Planned */ = {
			isa = PBXGroup;
			children = (
				95EB3DDA1C10377300DA1D5E /* Planned.storyboard */,
			);
			path = Planned;
			sourceTree = "<group>";
		};
		95EB3DD31C1035AC00DA1D5E /* Feed */ = {
			isa = PBXGroup;
			children = (
				95EB3DD41C1035B900DA1D5E /* Feed.storyboard */,
			);
			path = Feed;
			sourceTree = "<group>";
		};
		D73737A81283B425D04B6D86 /* Pods */ = {
			isa = PBXGroup;
			children = (
				2C123EA8F2DEF7A5D56C7075 /* Pods.debug.xcconfig */,
				052518138D1FFA05AF2BCD91 /* Pods.release.xcconfig */,
			);
			name = Pods;
			sourceTree = "<group>";
		};
/* End PBXGroup section */

/* Begin PBXNativeTarget section */
		95CCCDCB1BDC43D2001B0633 /* PointB */ = {
			isa = PBXNativeTarget;
			buildConfigurationList = 95CCCDE01BDC43D2001B0633 /* Build configuration list for PBXNativeTarget "PointB" */;
			buildPhases = (
				347B6481A6FCDF4AB981B81D /* Check Pods Manifest.lock */,
				95CCCDC81BDC43D2001B0633 /* Sources */,
				95CCCDC91BDC43D2001B0633 /* Frameworks */,
				95CCCDCA1BDC43D2001B0633 /* Resources */,
				D9FD5B1CFF13A411B0AB60FC /* Embed Pods Frameworks */,
				901B57F275B1855A75E2CC19 /* Copy Pods Resources */,
			);
			buildRules = (
			);
			dependencies = (
			);
			name = PointB;
			productName = PointB;
			productReference = 95CCCDCC1BDC43D2001B0633 /* PointB.app */;
			productType = "com.apple.product-type.application";
		};
/* End PBXNativeTarget section */

/* Begin PBXProject section */
		95CCCDC41BDC43D2001B0633 /* Project object */ = {
			isa = PBXProject;
			attributes = {
				LastSwiftUpdateCheck = 0700;
				LastUpgradeCheck = 0700;
				ORGANIZATIONNAME = "Lava-PointB";
				TargetAttributes = {
					95CCCDCB1BDC43D2001B0633 = {
						CreatedOnToolsVersion = 7.0.1;
					};
				};
			};
			buildConfigurationList = 95CCCDC71BDC43D2001B0633 /* Build configuration list for PBXProject "PointB" */;
			compatibilityVersion = "Xcode 3.2";
			developmentRegion = English;
			hasScannedForEncodings = 0;
			knownRegions = (
				en,
				Base,
			);
			mainGroup = 95CCCDC31BDC43D2001B0633;
			productRefGroup = 95CCCDCD1BDC43D2001B0633 /* Products */;
			projectDirPath = "";
			projectRoot = "";
			targets = (
				95CCCDCB1BDC43D2001B0633 /* PointB */,
			);
		};
/* End PBXProject section */

/* Begin PBXResourcesBuildPhase section */
		95CCCDCA1BDC43D2001B0633 /* Resources */ = {
			isa = PBXResourcesBuildPhase;
			buildActionMask = 2147483647;
			files = (
				95E8E5F81BF528F50005ABAD /* Karla-Regular.ttf in Resources */,
				95CCCDDC1BDC43D2001B0633 /* LaunchScreen.storyboard in Resources */,
				95EB3DD91C10373A00DA1D5E /* Group.storyboard in Resources */,
				95EB3DD51C1035B900DA1D5E /* Feed.storyboard in Resources */,
				95E8E5ED1BF528EC0005ABAD /* CircularStd-Bold.otf in Resources */,
				95E8E5F91BF528F50005ABAD /* SIL Open Font License.txt in Resources */,
				95E8E5F71BF528F50005ABAD /* Karla-Italic.ttf in Resources */,
				95CCCDD91BDC43D2001B0633 /* Assets.xcassets in Resources */,
				95E8E5F51BF528F50005ABAD /* Karla-Bold.ttf in Resources */,
				95E8E5E61BF522FA0005ABAD /* Profile.storyboard in Resources */,
				958D8D6F1BDE0CD9003164B3 /* Login.storyboard in Resources */,
				95EB3DDB1C10377300DA1D5E /* Planned.storyboard in Resources */,
				95EB3DD71C10367400DA1D5E /* Create.storyboard in Resources */,
				9518F8D21BE5D6C600DB001E /* Main.storyboard in Resources */,
				95E8E5F61BF528F50005ABAD /* Karla-BoldItalic.ttf in Resources */,
			);
			runOnlyForDeploymentPostprocessing = 0;
		};
/* End PBXResourcesBuildPhase section */

/* Begin PBXShellScriptBuildPhase section */
		347B6481A6FCDF4AB981B81D /* Check Pods Manifest.lock */ = {
			isa = PBXShellScriptBuildPhase;
			buildActionMask = 2147483647;
			files = (
			);
			inputPaths = (
			);
			name = "Check Pods Manifest.lock";
			outputPaths = (
			);
			runOnlyForDeploymentPostprocessing = 0;
			shellPath = /bin/sh;
			shellScript = "diff \"${PODS_ROOT}/../Podfile.lock\" \"${PODS_ROOT}/Manifest.lock\" > /dev/null\nif [[ $? != 0 ]] ; then\n    cat << EOM\nerror: The sandbox is not in sync with the Podfile.lock. Run 'pod install' or update your CocoaPods installation.\nEOM\n    exit 1\nfi\n";
			showEnvVarsInLog = 0;
		};
		901B57F275B1855A75E2CC19 /* Copy Pods Resources */ = {
			isa = PBXShellScriptBuildPhase;
			buildActionMask = 2147483647;
			files = (
			);
			inputPaths = (
			);
			name = "Copy Pods Resources";
			outputPaths = (
			);
			runOnlyForDeploymentPostprocessing = 0;
			shellPath = /bin/sh;
			shellScript = "\"${SRCROOT}/Pods/Target Support Files/Pods/Pods-resources.sh\"\n";
			showEnvVarsInLog = 0;
		};
		D9FD5B1CFF13A411B0AB60FC /* Embed Pods Frameworks */ = {
			isa = PBXShellScriptBuildPhase;
			buildActionMask = 2147483647;
			files = (
			);
			inputPaths = (
			);
			name = "Embed Pods Frameworks";
			outputPaths = (
			);
			runOnlyForDeploymentPostprocessing = 0;
			shellPath = /bin/sh;
			shellScript = "\"${SRCROOT}/Pods/Target Support Files/Pods/Pods-frameworks.sh\"\n";
			showEnvVarsInLog = 0;
		};
/* End PBXShellScriptBuildPhase section */

/* Begin PBXSourcesBuildPhase section */
		95CCCDC81BDC43D2001B0633 /* Sources */ = {
			isa = PBXSourcesBuildPhase;
			buildActionMask = 2147483647;
			files = (
				95CCCDD01BDC43D2001B0633 /* AppDelegate.swift in Sources */,
				9584BD061BE33BF4006A28B8 /* Extensions.swift in Sources */,
				95EB3DDF1C10630800DA1D5E /* BMTabBar.swift in Sources */,
				95E8E5E81BF523280005ABAD /* ProfileVC.swift in Sources */,
				9518F8D31BE5D6C600DB001E /* MainTBC.swift in Sources */,
				9551409C1BF9921B009DEAED /* ProfileItemCell.swift in Sources */,
				95CCCDF31BDC8D7B001B0633 /* LoginVC.swift in Sources */,
				95CCCDED1BDC7D64001B0633 /* Constants.swift in Sources */,
				0AB09B521C10442900402B0B /* DBManager.swift in Sources */,
				95F074121BF6BB7100FAFB1B /* BMRoundImageView.swift in Sources */,
				0AB09B501C10423D00402B0B /* DataManager.swift in Sources */,
				95FD399A1BFAB354000CA395 /* SettingsTVC.swift in Sources */,
				95EB3DE11C106A4100DA1D5E /* CreateVC.swift in Sources */,
				958D8D711BDECD28003164B3 /* BMAccountField.swift in Sources */,
			);
			runOnlyForDeploymentPostprocessing = 0;
		};
/* End PBXSourcesBuildPhase section */

/* Begin PBXVariantGroup section */
		95CCCDDA1BDC43D2001B0633 /* LaunchScreen.storyboard */ = {
			isa = PBXVariantGroup;
			children = (
				95CCCDDB1BDC43D2001B0633 /* Base */,
			);
			name = LaunchScreen.storyboard;
			sourceTree = "<group>";
		};
/* End PBXVariantGroup section */

/* Begin XCBuildConfiguration section */
		95CCCDDE1BDC43D2001B0633 /* Debug */ = {
			isa = XCBuildConfiguration;
			buildSettings = {
				ALWAYS_SEARCH_USER_PATHS = NO;
				CLANG_CXX_LANGUAGE_STANDARD = "gnu++0x";
				CLANG_CXX_LIBRARY = "libc++";
				CLANG_ENABLE_MODULES = YES;
				CLANG_ENABLE_OBJC_ARC = YES;
				CLANG_WARN_BOOL_CONVERSION = YES;
				CLANG_WARN_CONSTANT_CONVERSION = YES;
				CLANG_WARN_DIRECT_OBJC_ISA_USAGE = YES_ERROR;
				CLANG_WARN_EMPTY_BODY = YES;
				CLANG_WARN_ENUM_CONVERSION = YES;
				CLANG_WARN_INT_CONVERSION = YES;
				CLANG_WARN_OBJC_ROOT_CLASS = YES_ERROR;
				CLANG_WARN_UNREACHABLE_CODE = YES;
				CLANG_WARN__DUPLICATE_METHOD_MATCH = YES;
				"CODE_SIGN_IDENTITY[sdk=iphoneos*]" = "iPhone Developer";
				COPY_PHASE_STRIP = NO;
				DEBUG_INFORMATION_FORMAT = dwarf;
				ENABLE_STRICT_OBJC_MSGSEND = YES;
				ENABLE_TESTABILITY = YES;
				GCC_C_LANGUAGE_STANDARD = gnu99;
				GCC_DYNAMIC_NO_PIC = NO;
				GCC_NO_COMMON_BLOCKS = YES;
				GCC_OPTIMIZATION_LEVEL = 0;
				GCC_PREPROCESSOR_DEFINITIONS = (
					"DEBUG=1",
					"$(inherited)",
				);
				GCC_WARN_64_TO_32_BIT_CONVERSION = YES;
				GCC_WARN_ABOUT_RETURN_TYPE = YES_ERROR;
				GCC_WARN_UNDECLARED_SELECTOR = YES;
				GCC_WARN_UNINITIALIZED_AUTOS = YES_AGGRESSIVE;
				GCC_WARN_UNUSED_FUNCTION = YES;
				GCC_WARN_UNUSED_VARIABLE = YES;
				IPHONEOS_DEPLOYMENT_TARGET = 9.0;
				MTL_ENABLE_DEBUG_INFO = YES;
				ONLY_ACTIVE_ARCH = YES;
				SDKROOT = iphoneos;
				SWIFT_OPTIMIZATION_LEVEL = "-Onone";
			};
			name = Debug;
		};
		95CCCDDF1BDC43D2001B0633 /* Release */ = {
			isa = XCBuildConfiguration;
			buildSettings = {
				ALWAYS_SEARCH_USER_PATHS = NO;
				CLANG_CXX_LANGUAGE_STANDARD = "gnu++0x";
				CLANG_CXX_LIBRARY = "libc++";
				CLANG_ENABLE_MODULES = YES;
				CLANG_ENABLE_OBJC_ARC = YES;
				CLANG_WARN_BOOL_CONVERSION = YES;
				CLANG_WARN_CONSTANT_CONVERSION = YES;
				CLANG_WARN_DIRECT_OBJC_ISA_USAGE = YES_ERROR;
				CLANG_WARN_EMPTY_BODY = YES;
				CLANG_WARN_ENUM_CONVERSION = YES;
				CLANG_WARN_INT_CONVERSION = YES;
				CLANG_WARN_OBJC_ROOT_CLASS = YES_ERROR;
				CLANG_WARN_UNREACHABLE_CODE = YES;
				CLANG_WARN__DUPLICATE_METHOD_MATCH = YES;
				"CODE_SIGN_IDENTITY[sdk=iphoneos*]" = "iPhone Developer";
				COPY_PHASE_STRIP = NO;
				DEBUG_INFORMATION_FORMAT = "dwarf-with-dsym";
				ENABLE_NS_ASSERTIONS = NO;
				ENABLE_STRICT_OBJC_MSGSEND = YES;
				GCC_C_LANGUAGE_STANDARD = gnu99;
				GCC_NO_COMMON_BLOCKS = YES;
				GCC_WARN_64_TO_32_BIT_CONVERSION = YES;
				GCC_WARN_ABOUT_RETURN_TYPE = YES_ERROR;
				GCC_WARN_UNDECLARED_SELECTOR = YES;
				GCC_WARN_UNINITIALIZED_AUTOS = YES_AGGRESSIVE;
				GCC_WARN_UNUSED_FUNCTION = YES;
				GCC_WARN_UNUSED_VARIABLE = YES;
				IPHONEOS_DEPLOYMENT_TARGET = 9.0;
				MTL_ENABLE_DEBUG_INFO = NO;
				SDKROOT = iphoneos;
				VALIDATE_PRODUCT = YES;
			};
			name = Release;
		};
		95CCCDE11BDC43D2001B0633 /* Debug */ = {
			isa = XCBuildConfiguration;
			baseConfigurationReference = 2C123EA8F2DEF7A5D56C7075 /* Pods.debug.xcconfig */;
			buildSettings = {
				ASSETCATALOG_COMPILER_APPICON_NAME = AppIcon;
				CLANG_ENABLE_MODULES = YES;
				INFOPLIST_FILE = PointB/Info.plist;
				IPHONEOS_DEPLOYMENT_TARGET = 9.1;
				LD_RUNPATH_SEARCH_PATHS = "$(inherited) @executable_path/Frameworks";
				PRODUCT_BUNDLE_IDENTIFIER = "com.lava-pointb.PointB.PointB";
				PRODUCT_NAME = "$(TARGET_NAME)";
				SWIFT_OBJC_BRIDGING_HEADER = "PointB/PointB-Bridging-Header.h";
				SWIFT_OPTIMIZATION_LEVEL = "-Onone";
			};
			name = Debug;
		};
		95CCCDE21BDC43D2001B0633 /* Release */ = {
			isa = XCBuildConfiguration;
			baseConfigurationReference = 052518138D1FFA05AF2BCD91 /* Pods.release.xcconfig */;
			buildSettings = {
				ASSETCATALOG_COMPILER_APPICON_NAME = AppIcon;
				CLANG_ENABLE_MODULES = YES;
				INFOPLIST_FILE = PointB/Info.plist;
				IPHONEOS_DEPLOYMENT_TARGET = 9.1;
				LD_RUNPATH_SEARCH_PATHS = "$(inherited) @executable_path/Frameworks";
				PRODUCT_BUNDLE_IDENTIFIER = "com.lava-pointb.PointB.PointB";
				PRODUCT_NAME = "$(TARGET_NAME)";
				SWIFT_OBJC_BRIDGING_HEADER = "PointB/PointB-Bridging-Header.h";
			};
			name = Release;
		};
/* End XCBuildConfiguration section */

/* Begin XCConfigurationList section */
		95CCCDC71BDC43D2001B0633 /* Build configuration list for PBXProject "PointB" */ = {
			isa = XCConfigurationList;
			buildConfigurations = (
				95CCCDDE1BDC43D2001B0633 /* Debug */,
				95CCCDDF1BDC43D2001B0633 /* Release */,
			);
			defaultConfigurationIsVisible = 0;
			defaultConfigurationName = Release;
		};
		95CCCDE01BDC43D2001B0633 /* Build configuration list for PBXNativeTarget "PointB" */ = {
			isa = XCConfigurationList;
			buildConfigurations = (
				95CCCDE11BDC43D2001B0633 /* Debug */,
				95CCCDE21BDC43D2001B0633 /* Release */,
			);
			defaultConfigurationIsVisible = 0;
			defaultConfigurationName = Release;
		};
/* End XCConfigurationList section */
	};
	rootObject = 95CCCDC41BDC43D2001B0633 /* Project object */;
}
